// !$*UTF8*$!
{
	archiveVersion = 1;
	classes = {
	};
	objectVersion = 56;
	objects = {

/* Begin PBXBuildFile section */
		6C9DDB532BC7C8E700CD3376 /* AppDelegate.swift in Sources */ = {isa = PBXBuildFile; fileRef = 6C9DDB522BC7C8E700CD3376 /* AppDelegate.swift */; };
		6C9DDB552BC7C8E700CD3376 /* SceneDelegate.swift in Sources */ = {isa = PBXBuildFile; fileRef = 6C9DDB542BC7C8E700CD3376 /* SceneDelegate.swift */; };
		6C9DDB572BC7C8E700CD3376 /* ViewController.swift in Sources */ = {isa = PBXBuildFile; fileRef = 6C9DDB562BC7C8E700CD3376 /* ViewController.swift */; };
		6C9DDB5A2BC7C8E700CD3376 /* Base in Resources */ = {isa = PBXBuildFile; fileRef = 6C9DDB592BC7C8E700CD3376 /* Base */; };
		6C9DDB5C2BC7C8E800CD3376 /* Assets.xcassets in Resources */ = {isa = PBXBuildFile; fileRef = 6C9DDB5B2BC7C8E800CD3376 /* Assets.xcassets */; };
		6C9DDB5F2BC7C8E800CD3376 /* Base in Resources */ = {isa = PBXBuildFile; fileRef = 6C9DDB5E2BC7C8E800CD3376 /* Base */; };
		6C9DDB682BC7CCBF00CD3376 /* Estructura.swift in Sources */ = {isa = PBXBuildFile; fileRef = 6C9DDB672BC7CCBF00CD3376 /* Estructura.swift */; };
		6C9DDB6A2BC7D3D800CD3376 /* ApiHttp.swift in Sources */ = {isa = PBXBuildFile; fileRef = 6C9DDB692BC7D3D800CD3376 /* ApiHttp.swift */; };
/* End PBXBuildFile section */

/* Begin PBXFileReference section */
		6C9DDB4F2BC7C8E700CD3376 /* SuperHeroIOS.app */ = {isa = PBXFileReference; explicitFileType = wrapper.application; includeInIndex = 0; path = SuperHeroIOS.app; sourceTree = BUILT_PRODUCTS_DIR; };
		6C9DDB522BC7C8E700CD3376 /* AppDelegate.swift */ = {isa = PBXFileReference; lastKnownFileType = sourcecode.swift; path = AppDelegate.swift; sourceTree = "<group>"; };
		6C9DDB542BC7C8E700CD3376 /* SceneDelegate.swift */ = {isa = PBXFileReference; lastKnownFileType = sourcecode.swift; path = SceneDelegate.swift; sourceTree = "<group>"; };
		6C9DDB562BC7C8E700CD3376 /* ViewController.swift */ = {isa = PBXFileReference; lastKnownFileType = sourcecode.swift; path = ViewController.swift; sourceTree = "<group>"; };
		6C9DDB592BC7C8E700CD3376 /* Base */ = {isa = PBXFileReference; lastKnownFileType = file.storyboard; name = Base; path = Base.lproj/Main.storyboard; sourceTree = "<group>"; };
		6C9DDB5B2BC7C8E800CD3376 /* Assets.xcassets */ = {isa = PBXFileReference; lastKnownFileType = folder.assetcatalog; path = Assets.xcassets; sourceTree = "<group>"; };
		6C9DDB5E2BC7C8E800CD3376 /* Base */ = {isa = PBXFileReference; lastKnownFileType = file.storyboard; name = Base; path = Base.lproj/LaunchScreen.storyboard; sourceTree = "<group>"; };
		6C9DDB602BC7C8E800CD3376 /* Info.plist */ = {isa = PBXFileReference; lastKnownFileType = text.plist.xml; path = Info.plist; sourceTree = "<group>"; };
		6C9DDB672BC7CCBF00CD3376 /* Estructura.swift */ = {isa = PBXFileReference; lastKnownFileType = sourcecode.swift; path = Estructura.swift; sourceTree = "<group>"; };
		6C9DDB692BC7D3D800CD3376 /* ApiHttp.swift */ = {isa = PBXFileReference; lastKnownFileType = sourcecode.swift; path = ApiHttp.swift; sourceTree = "<group>"; };
/* End PBXFileReference section */

/* Begin PBXFrameworksBuildPhase section */
		6C9DDB4C2BC7C8E700CD3376 /* Frameworks */ = {
			isa = PBXFrameworksBuildPhase;
			buildActionMask = 2147483647;
			files = (
			);
			runOnlyForDeploymentPostprocessing = 0;
		};
/* End PBXFrameworksBuildPhase section */

/* Begin PBXGroup section */
		6C9DDB462BC7C8E700CD3376 = {
			isa = PBXGroup;
			children = (
				6C9DDB512BC7C8E700CD3376 /* SuperHeroIOS */,
				6C9DDB502BC7C8E700CD3376 /* Products */,
			);
			sourceTree = "<group>";
		};
		6C9DDB502BC7C8E700CD3376 /* Products */ = {
			isa = PBXGroup;
			children = (
				6C9DDB4F2BC7C8E700CD3376 /* SuperHeroIOS.app */,
			);
			name = Products;
			sourceTree = "<group>";
		};
		6C9DDB512BC7C8E700CD3376 /* SuperHeroIOS */ = {
			isa = PBXGroup;
			children = (
				6C9DDB662BC7CAB100CD3376 /* Data */,
				6C9DDB522BC7C8E700CD3376 /* AppDelegate.swift */,
				6C9DDB542BC7C8E700CD3376 /* SceneDelegate.swift */,
				6C9DDB562BC7C8E700CD3376 /* ViewController.swift */,
				6C9DDB582BC7C8E700CD3376 /* Main.storyboard */,
				6C9DDB5B2BC7C8E800CD3376 /* Assets.xcassets */,
				6C9DDB5D2BC7C8E800CD3376 /* LaunchScreen.storyboard */,
				6C9DDB602BC7C8E800CD3376 /* Info.plist */,
			);
			path = SuperHeroIOS;
			sourceTree = "<group>";
		};
		6C9DDB662BC7CAB100CD3376 /* Data */ = {
			isa = PBXGroup;
			children = (
				6C9DDB672BC7CCBF00CD3376 /* Estructura.swift */,
				6C9DDB692BC7D3D800CD3376 /* ApiHttp.swift */,
			);
			path = Data;
			sourceTree = "<group>";
		};
/* End PBXGroup section */

/* Begin PBXNativeTarget section */
		6C9DDB4E2BC7C8E700CD3376 /* SuperHeroIOS */ = {
			isa = PBXNativeTarget;
			buildConfigurationList = 6C9DDB632BC7C8E800CD3376 /* Build configuration list for PBXNativeTarget "SuperHeroIOS" */;
			buildPhases = (
				6C9DDB4B2BC7C8E700CD3376 /* Sources */,
				6C9DDB4C2BC7C8E700CD3376 /* Frameworks */,
				6C9DDB4D2BC7C8E700CD3376 /* Resources */,
			);
			buildRules = (
			);
			dependencies = (
			);
			name = SuperHeroIOS;
			productName = SuperHeroIOS;
			productReference = 6C9DDB4F2BC7C8E700CD3376 /* SuperHeroIOS.app */;
			productType = "com.apple.product-type.application";
		};
/* End PBXNativeTarget section */

/* Begin PBXProject section */
		6C9DDB472BC7C8E700CD3376 /* Project object */ = {
			isa = PBXProject;
			attributes = {
				BuildIndependentTargetsInParallel = 1;
				LastSwiftUpdateCheck = 1530;
				LastUpgradeCheck = 1530;
				TargetAttributes = {
					6C9DDB4E2BC7C8E700CD3376 = {
						CreatedOnToolsVersion = 15.3;
					};
				};
			};
			buildConfigurationList = 6C9DDB4A2BC7C8E700CD3376 /* Build configuration list for PBXProject "SuperHeroIOS" */;
			compatibilityVersion = "Xcode 14.0";
			developmentRegion = en;
			hasScannedForEncodings = 0;
			knownRegions = (
				en,
				Base,
			);
			mainGroup = 6C9DDB462BC7C8E700CD3376;
			productRefGroup = 6C9DDB502BC7C8E700CD3376 /* Products */;
			projectDirPath = "";
			projectRoot = "";
			targets = (
				6C9DDB4E2BC7C8E700CD3376 /* SuperHeroIOS */,
			);
		};
/* End PBXProject section */

/* Begin PBXResourcesBuildPhase section */
		6C9DDB4D2BC7C8E700CD3376 /* Resources */ = {
			isa = PBXResourcesBuildPhase;
			buildActionMask = 2147483647;
			files = (
				6C9DDB5C2BC7C8E800CD3376 /* Assets.xcassets in Resources */,
				6C9DDB5F2BC7C8E800CD3376 /* Base in Resources */,
				6C9DDB5A2BC7C8E700CD3376 /* Base in Resources */,
			);
			runOnlyForDeploymentPostprocessing = 0;
		};
/* End PBXResourcesBuildPhase section */

/* Begin PBXSourcesBuildPhase section */
		6C9DDB4B2BC7C8E700CD3376 /* Sources */ = {
			isa = PBXSourcesBuildPhase;
			buildActionMask = 2147483647;
			files = (
				6C9DDB6A2BC7D3D800CD3376 /* ApiHttp.swift in Sources */,
				6C9DDB572BC7C8E700CD3376 /* ViewController.swift in Sources */,
				6C9DDB682BC7CCBF00CD3376 /* Estructura.swift in Sources */,
				6C9DDB532BC7C8E700CD3376 /* AppDelegate.swift in Sources */,
				6C9DDB552BC7C8E700CD3376 /* SceneDelegate.swift in Sources */,
			);
			runOnlyForDeploymentPostprocessing = 0;
		};
/* End PBXSourcesBuildPhase section */

/* Begin PBXVariantGroup section */
		6C9DDB582BC7C8E700CD3376 /* Main.storyboard */ = {
			isa = PBXVariantGroup;
			children = (
				6C9DDB592BC7C8E700CD3376 /* Base */,
			);
			name = Main.storyboard;
			sourceTree = "<group>";
		};
		6C9DDB5D2BC7C8E800CD3376 /* LaunchScreen.storyboard */ = {
			isa = PBXVariantGroup;
			children = (
				6C9DDB5E2BC7C8E800CD3376 /* Base */,
			);
			name = LaunchScreen.storyboard;
			sourceTree = "<group>";
		};
/* End PBXVariantGroup section */

/* Begin XCBuildConfiguration section */
		6C9DDB612BC7C8E800CD3376 /* Debug */ = {
			isa = XCBuildConfiguration;
			buildSettings = {
				ALWAYS_SEARCH_USER_PATHS = NO;
				ASSETCATALOG_COMPILER_GENERATE_SWIFT_ASSET_SYMBOL_EXTENSIONS = YES;
				CLANG_ANALYZER_NONNULL = YES;
				CLANG_ANALYZER_NUMBER_OBJECT_CONVERSION = YES_AGGRESSIVE;
				CLANG_CXX_LANGUAGE_STANDARD = "gnu++20";
				CLANG_ENABLE_MODULES = YES;
				CLANG_ENABLE_OBJC_ARC = YES;
				CLANG_ENABLE_OBJC_WEAK = YES;
				CLANG_WARN_BLOCK_CAPTURE_AUTORELEASING = YES;
				CLANG_WARN_BOOL_CONVERSION = YES;
				CLANG_WARN_COMMA = YES;
				CLANG_WARN_CONSTANT_CONVERSION = YES;
				CLANG_WARN_DEPRECATED_OBJC_IMPLEMENTATIONS = YES;
				CLANG_WARN_DIRECT_OBJC_ISA_USAGE = YES_ERROR;
				CLANG_WARN_DOCUMENTATION_COMMENTS = YES;
				CLANG_WARN_EMPTY_BODY = YES;
				CLANG_WARN_ENUM_CONVERSION = YES;
				CLANG_WARN_INFINITE_RECURSION = YES;
				CLANG_WARN_INT_CONVERSION = YES;
				CLANG_WARN_NON_LITERAL_NULL_CONVERSION = YES;
				CLANG_WARN_OBJC_IMPLICIT_RETAIN_SELF = YES;
				CLANG_WARN_OBJC_LITERAL_CONVERSION = YES;
				CLANG_WARN_OBJC_ROOT_CLASS = YES_ERROR;
				CLANG_WARN_QUOTED_INCLUDE_IN_FRAMEWORK_HEADER = YES;
				CLANG_WARN_RANGE_LOOP_ANALYSIS = YES;
				CLANG_WARN_STRICT_PROTOTYPES = YES;
				CLANG_WARN_SUSPICIOUS_MOVE = YES;
				CLANG_WARN_UNGUARDED_AVAILABILITY = YES_AGGRESSIVE;
				CLANG_WARN_UNREACHABLE_CODE = YES;
				CLANG_WARN__DUPLICATE_METHOD_MATCH = YES;
				COPY_PHASE_STRIP = NO;
				DEBUG_INFORMATION_FORMAT = dwarf;
				ENABLE_STRICT_OBJC_MSGSEND = YES;
				ENABLE_TESTABILITY = YES;
				ENABLE_USER_SCRIPT_SANDBOXING = YES;
				GCC_C_LANGUAGE_STANDARD = gnu17;
				GCC_DYNAMIC_NO_PIC = NO;
				GCC_NO_COMMON_BLOCKS = YES;
				GCC_OPTIMIZATION_LEVEL = 0;
				GCC_PREPROCESSOR_DEFINITIONS = (
					"DEBUG=1",
					"$(inherited)",
				);
				GCC_WARN_64_TO_32_BIT_CONVERSION = YES;
				GCC_WARN_ABOUT_RETURN_TYPE = YES_ERROR;
				GCC_WARN_UNDECLARED_SELECTOR = YES;
				GCC_WARN_UNINITIALIZED_AUTOS = YES_AGGRESSIVE;
				GCC_WARN_UNUSED_FUNCTION = YES;
				GCC_WARN_UNUSED_VARIABLE = YES;
				IPHONEOS_DEPLOYMENT_TARGET = 17.4;
				LOCALIZATION_PREFERS_STRING_CATALOGS = YES;
				MTL_ENABLE_DEBUG_INFO = INCLUDE_SOURCE;
				MTL_FAST_MATH = YES;
				ONLY_ACTIVE_ARCH = YES;
				SDKROOT = iphoneos;
				SWIFT_ACTIVE_COMPILATION_CONDITIONS = "DEBUG $(inherited)";
				SWIFT_OPTIMIZATION_LEVEL = "-Onone";
			};
			name = Debug;
		};
		6C9DDB622BC7C8E800CD3376 /* Release */ = {
			isa = XCBuildConfiguration;
			buildSettings = {
				ALWAYS_SEARCH_USER_PATHS = NO;
				ASSETCATALOG_COMPILER_GENERATE_SWIFT_ASSET_SYMBOL_EXTENSIONS = YES;
				CLANG_ANALYZER_NONNULL = YES;
				CLANG_ANALYZER_NUMBER_OBJECT_CONVERSION = YES_AGGRESSIVE;
				CLANG_CXX_LANGUAGE_STANDARD = "gnu++20";
				CLANG_ENABLE_MODULES = YES;
				CLANG_ENABLE_OBJC_ARC = YES;
				CLANG_ENABLE_OBJC_WEAK = YES;
				CLANG_WARN_BLOCK_CAPTURE_AUTORELEASING = YES;
				CLANG_WARN_BOOL_CONVERSION = YES;
				CLANG_WARN_COMMA = YES;
				CLANG_WARN_CONSTANT_CONVERSION = YES;
				CLANG_WARN_DEPRECATED_OBJC_IMPLEMENTATIONS = YES;
				CLANG_WARN_DIRECT_OBJC_ISA_USAGE = YES_ERROR;
				CLANG_WARN_DOCUMENTATION_COMMENTS = YES;
				CLANG_WARN_EMPTY_BODY = YES;
				CLANG_WARN_ENUM_CONVERSION = YES;
				CLANG_WARN_INFINITE_RECURSION = YES;
				CLANG_WARN_INT_CONVERSION = YES;
				CLANG_WARN_NON_LITERAL_NULL_CONVERSION = YES;
				CLANG_WARN_OBJC_IMPLICIT_RETAIN_SELF = YES;
				CLANG_WARN_OBJC_LITERAL_CONVERSION = YES;
				CLANG_WARN_OBJC_ROOT_CLASS = YES_ERROR;
				CLANG_WARN_QUOTED_INCLUDE_IN_FRAMEWORK_HEADER = YES;
				CLANG_WARN_RANGE_LOOP_ANALYSIS = YES;
				CLANG_WARN_STRICT_PROTOTYPES = YES;
				CLANG_WARN_SUSPICIOUS_MOVE = YES;
				CLANG_WARN_UNGUARDED_AVAILABILITY = YES_AGGRESSIVE;
				CLANG_WARN_UNREACHABLE_CODE = YES;
				CLANG_WARN__DUPLICATE_METHOD_MATCH = YES;
				COPY_PHASE_STRIP = NO;
				DEBUG_INFORMATION_FORMAT = "dwarf-with-dsym";
				ENABLE_NS_ASSERTIONS = NO;
				ENABLE_STRICT_OBJC_MSGSEND = YES;
				ENABLE_USER_SCRIPT_SANDBOXING = YES;
				GCC_C_LANGUAGE_STANDARD = gnu17;
				GCC_NO_COMMON_BLOCKS = YES;
				GCC_WARN_64_TO_32_BIT_CONVERSION = YES;
				GCC_WARN_ABOUT_RETURN_TYPE = YES_ERROR;
				GCC_WARN_UNDECLARED_SELECTOR = YES;
				GCC_WARN_UNINITIALIZED_AUTOS = YES_AGGRESSIVE;
				GCC_WARN_UNUSED_FUNCTION = YES;
				GCC_WARN_UNUSED_VARIABLE = YES;
				IPHONEOS_DEPLOYMENT_TARGET = 17.4;
				LOCALIZATION_PREFERS_STRING_CATALOGS = YES;
				MTL_ENABLE_DEBUG_INFO = NO;
				MTL_FAST_MATH = YES;
				SDKROOT = iphoneos;
				SWIFT_COMPILATION_MODE = wholemodule;
				VALIDATE_PRODUCT = YES;
			};
			name = Release;
		};
		6C9DDB642BC7C8E800CD3376 /* Debug */ = {
			isa = XCBuildConfiguration;
			buildSettings = {
				ASSETCATALOG_COMPILER_APPICON_NAME = AppIcon;
				ASSETCATALOG_COMPILER_GLOBAL_ACCENT_COLOR_NAME = AccentColor;
				CODE_SIGN_STYLE = Automatic;
				CURRENT_PROJECT_VERSION = 1;
				GENERATE_INFOPLIST_FILE = YES;
				INFOPLIST_FILE = SuperHeroIOS/Info.plist;
				INFOPLIST_KEY_LSApplicationCategoryType = "public.app-category.entertainment";
				INFOPLIST_KEY_UIApplicationSupportsIndirectInputEvents = YES;
				INFOPLIST_KEY_UILaunchStoryboardName = LaunchScreen;
				INFOPLIST_KEY_UIMainStoryboardFile = Main;
				INFOPLIST_KEY_UISupportedInterfaceOrientations_iPad = "UIInterfaceOrientationPortrait UIInterfaceOrientationPortraitUpsideDown UIInterfaceOrientationLandscapeLeft UIInterfaceOrientationLandscapeRight";
				INFOPLIST_KEY_UISupportedInterfaceOrientations_iPhone = "UIInterfaceOrientationPortrait UIInterfaceOrientationLandscapeLeft UIInterfaceOrientationLandscapeRight";
				IPHONEOS_DEPLOYMENT_TARGET = 15.0;
				LD_RUNPATH_SEARCH_PATHS = (
					"$(inherited)",
					"@executable_path/Frameworks",
				);
				MARKETING_VERSION = 1.0;
				PRODUCT_BUNDLE_IDENTIFIER = com.jep.SuperHeroIOS;
				PRODUCT_NAME = "$(TARGET_NAME)";
				SWIFT_EMIT_LOC_STRINGS = YES;
				SWIFT_VERSION = 5.0;
				TARGETED_DEVICE_FAMILY = "1,2";
			};
			name = Debug;
		};
		6C9DDB652BC7C8E800CD3376 /* Release */ = {
			isa = XCBuildConfiguration;
			buildSettings = {
				ASSETCATALOG_COMPILER_APPICON_NAME = AppIcon;
				ASSETCATALOG_COMPILER_GLOBAL_ACCENT_COLOR_NAME = AccentColor;
				CODE_SIGN_STYLE = Automatic;
				CURRENT_PROJECT_VERSION = 1;
				GENERATE_INFOPLIST_FILE = YES;
				INFOPLIST_FILE = SuperHeroIOS/Info.plist;
				INFOPLIST_KEY_LSApplicationCategoryType = "public.app-category.entertainment";
				INFOPLIST_KEY_UIApplicationSupportsIndirectInputEvents = YES;
				INFOPLIST_KEY_UILaunchStoryboardName = LaunchScreen;
				INFOPLIST_KEY_UIMainStoryboardFile = Main;
				INFOPLIST_KEY_UISupportedInterfaceOrientations_iPad = "UIInterfaceOrientationPortrait UIInterfaceOrientationPortraitUpsideDown UIInterfaceOrientationLandscapeLeft UIInterfaceOrientationLandscapeRight";
				INFOPLIST_KEY_UISupportedInterfaceOrientations_iPhone = "UIInterfaceOrientationPortrait UIInterfaceOrientationLandscapeLeft UIInterfaceOrientationLandscapeRight";
				IPHONEOS_DEPLOYMENT_TARGET = 15.0;
				LD_RUNPATH_SEARCH_PATHS = (
					"$(inherited)",
					"@executable_path/Frameworks",
				);
				MARKETING_VERSION = 1.0;
				PRODUCT_BUNDLE_IDENTIFIER = com.jep.SuperHeroIOS;
				PRODUCT_NAME = "$(TARGET_NAME)";
				SWIFT_EMIT_LOC_STRINGS = YES;
				SWIFT_VERSION = 5.0;
				TARGETED_DEVICE_FAMILY = "1,2";
			};
			name = Release;
		};
/* End XCBuildConfiguration section */

/* Begin XCConfigurationList section */
		6C9DDB4A2BC7C8E700CD3376 /* Build configuration list for PBXProject "SuperHeroIOS" */ = {
			isa = XCConfigurationList;
			buildConfigurations = (
				6C9DDB612BC7C8E800CD3376 /* Debug */,
				6C9DDB622BC7C8E800CD3376 /* Release */,
			);
			defaultConfigurationIsVisible = 0;
			defaultConfigurationName = Release;
		};
		6C9DDB632BC7C8E800CD3376 /* Build configuration list for PBXNativeTarget "SuperHeroIOS" */ = {
			isa = XCConfigurationList;
			buildConfigurations = (
				6C9DDB642BC7C8E800CD3376 /* Debug */,
				6C9DDB652BC7C8E800CD3376 /* Release */,
			);
			defaultConfigurationIsVisible = 0;
			defaultConfigurationName = Release;
		};
/* End XCConfigurationList section */
	};
	rootObject = 6C9DDB472BC7C8E700CD3376 /* Project object */;
}
